{
  "name": "webapp",
  "lockfileVersion": 2,
  "requires": true,
  "packages": {
    "": {
      "dependencies": {
        "@zip.js/zip.js": "^2.3.19"
      }
    },
    "node_modules/@zip.js/zip.js": {
      "version": "2.3.19",
      "resolved": "https://registry.npmjs.org/@zip.js/zip.js/-/zip.js-2.3.19.tgz",
      "integrity": "sha512-dkqAdsgJPq7cR4iP5oIdI6Zu75WZka1L02NCYxdoXydsdNLO37A5YbBrVurTq5FxHDQRaH7S86rHdlxVeUl/dA=="
    }
  },
  "dependencies": {
    "@zip.js/zip.js": {
      "version": "2.3.19",
      "resolved": "https://registry.npmjs.org/@zip.js/zip.js/-/zip.js-2.3.19.tgz",
      "integrity": "sha512-dkqAdsgJPq7cR4iP5oIdI6Zu75WZka1L02NCYxdoXydsdNLO37A5YbBrVurTq5FxHDQRaH7S86rHdlxVeUl/dA=="
    }
  }
}
